
Microsoft Visual Studio Solution File, Format Version 12.00
# Visual Studio Version 17
VisualStudioVersion = 17.5.33530.505
MinimumVisualStudioVersion = 10.0.40219.1
Project("{9A19103F-16F7-4668-BE54-9A1E7A4F7556}") = "Api-SistemaMercearia", "Api-SistemaMercearia\Api-SistemaMercearia.csproj", "{562A6659-E635-4CDC-9971-C1738C3C4917}"
EndProject
Project("{9A19103F-16F7-4668-BE54-9A1E7A4F7556}") = "SistemaMerceariaWebAPP", "SistemaMerceariaWebAPP\SistemaMerceariaWebAPP.csproj", "{A9993F21-534B-4B76-BB6D-16DF6A5CBBD8}"
EndProject
Project("{9A19103F-16F7-4668-BE54-9A1E7A4F7556}") = "Tests.Api", "Tests.Api\Tests.Api.csproj", "{B8868BFB-D066-4ED6-BA88-4BFC6B59333E}"
EndProject
Project("{2150E333-8FDC-42A3-9474-1A3956D46DE8}") = "WebInterface", "WebInterface", "{7A0ADEC7-1C13-4AC1-8371-355ECF5E2438}"
EndProject
Project("{2150E333-8FDC-42A3-9474-1A3956D46DE8}") = "WebAPI", "WebAPI", "{2B9D01D8-59A9-4000-9532-64241A016527}"
EndProject
Project("{2150E333-8FDC-42A3-9474-1A3956D46DE8}") = "AplicationTests", "AplicationTests", "{B8D41BE8-2851-47C4-8320-8355609B8ABB}"
EndProject
Global
	GlobalSection(SolutionConfigurationPlatforms) = preSolution
		Debug|Any CPU = Debug|Any CPU
		Release|Any CPU = Release|Any CPU
	EndGlobalSection
	GlobalSection(ProjectConfigurationPlatforms) = postSolution
		{562A6659-E635-4CDC-9971-C1738C3C4917}.Debug|Any CPU.ActiveCfg = Debug|Any CPU
		{562A6659-E635-4CDC-9971-C1738C3C4917}.Debug|Any CPU.Build.0 = Debug|Any CPU
		{562A6659-E635-4CDC-9971-C1738C3C4917}.Release|Any CPU.ActiveCfg = Release|Any CPU
		{562A6659-E635-4CDC-9971-C1738C3C4917}.Release|Any CPU.Build.0 = Release|Any CPU
		{A9993F21-534B-4B76-BB6D-16DF6A5CBBD8}.Debug|Any CPU.ActiveCfg = Debug|Any CPU
		{A9993F21-534B-4B76-BB6D-16DF6A5CBBD8}.Debug|Any CPU.Build.0 = Debug|Any CPU
		{A9993F21-534B-4B76-BB6D-16DF6A5CBBD8}.Release|Any CPU.ActiveCfg = Release|Any CPU
		{A9993F21-534B-4B76-BB6D-16DF6A5CBBD8}.Release|Any CPU.Build.0 = Release|Any CPU
		{B8868BFB-D066-4ED6-BA88-4BFC6B59333E}.Debug|Any CPU.ActiveCfg = Debug|Any CPU
		{B8868BFB-D066-4ED6-BA88-4BFC6B59333E}.Debug|Any CPU.Build.0 = Debug|Any CPU
		{B8868BFB-D066-4ED6-BA88-4BFC6B59333E}.Release|Any CPU.ActiveCfg = Release|Any CPU
		{B8868BFB-D066-4ED6-BA88-4BFC6B59333E}.Release|Any CPU.Build.0 = Release|Any CPU
	EndGlobalSection
	GlobalSection(SolutionProperties) = preSolution
		HideSolutionNode = FALSE
	EndGlobalSection
	GlobalSection(NestedProjects) = preSolution
		{562A6659-E635-4CDC-9971-C1738C3C4917} = {2B9D01D8-59A9-4000-9532-64241A016527}
		{A9993F21-534B-4B76-BB6D-16DF6A5CBBD8} = {7A0ADEC7-1C13-4AC1-8371-355ECF5E2438}
		{B8868BFB-D066-4ED6-BA88-4BFC6B59333E} = {B8D41BE8-2851-47C4-8320-8355609B8ABB}
	EndGlobalSection
	GlobalSection(ExtensibilityGlobals) = postSolution
		SolutionGuid = {EAD517D3-A39D-47F8-AD03-7785F14C4C4E}
	EndGlobalSection
EndGlobal
